schema: '2.0'
stages:
  reference_corrections:
    cmd: "docker compose run --rm hydrofabric ./bash/run-topology-fix.sh /ngen-workflow/data/demo/devcon/subset_reference_v2_3_4608830_bearriver.gpkg
      /ngen-workflow/data/corrections/topology.csv /ngen-workflow/output/demo/devcon/corrections/reference_hydrofabric_fixed.gpkg\n"
    deps:
    - path: ../../../ngen-workflow/Python/topology_fix.py
      hash: md5
      md5: c2f1ac74a4085163e4a881e67c71eecc
      size: 3521
    - path: ../../../ngen-workflow/bash/run-topology-fix.sh
      hash: md5
      md5: 33a85cf69f67ee7343c20448cedd0a45
      size: 482
    - path: ../../../ngen-workflow/data/corrections/topology.csv
      hash: md5
      md5: 61d084e54ec5cd6a712af4acbff85172
      size: 627
    - path: 
        ../../../ngen-workflow/data/demo/devcon/subset_reference_v2_3_4608830_bearriver.gpkg
      hash: md5
      md5: 7979209307859b25fd628f76ae8f9ac5
      size: 12472320
    outs:
    - path: 
        ../../../ngen-workflow/output/demo/devcon/corrections/reference_hydrofabric_fixed.gpkg
      hash: md5
      md5: e46a432d726cab29250df6b7c0945115
      size: 12476416
  build_fac_vrt:
    cmd: "docker compose run --rm hydrofabric -lc \"mkdir -p /ngen-workflow/output/demo/devcon/NHDSnapshot/FAC_vrt
      && gdalbuildvrt /ngen-workflow/output/demo/devcon/NHDSnapshot/FAC_vrt/fac.vrt
      /ngen-workflow/data/NHDSnapshot/FAC/16/*\"\n"
    deps:
    - path: ../../../ngen-workflow/data/NHDSnapshot/FAC/16/
      hash: md5
      md5: 23def35e74406d900df65f77596f8b46.dir
      size: 382117253
      nfiles: 4
    outs:
    - path: 
        ../../../ngen-workflow/output/demo/devcon/NHDSnapshot/FAC_vrt/fac.vrt
      hash: md5
      md5: 56e45070ddac25e7b099a015ab55bd1f
      size: 1874
  build_fdr_vrt:
    cmd: "docker compose run --rm hydrofabric -lc \"mkdir -p /ngen-workflow/output/demo/devcon/NHDSnapshot/FDR_vrt
      && gdalbuildvrt /ngen-workflow/output/demo/devcon/NHDSnapshot/FDR_vrt/fdr.vrt
      /ngen-workflow/data/NHDSnapshot/FDR/16/*\"\n"
    deps:
    - path: ../../../ngen-workflow/data/NHDSnapshot/FDR/16/
      hash: md5
      md5: 116513eaf677b14896351cae1484d9c4.dir
      size: 138953218
      nfiles: 4
    outs:
    - path: 
        ../../../ngen-workflow/output/demo/devcon/NHDSnapshot/FDR_vrt/fdr.vrt
      hash: md5
      md5: d077d09ef6ff50eb74ff0cac6ff3ab79
      size: 1874
  refactor:
    cmd: "docker compose run --rm hydrofabric ./bash/run-refactor.sh /ngen-workflow/output/demo/devcon/NHDSnapshot/FAC_vrt/fac.vrt
      /ngen-workflow/output/demo/devcon/NHDSnapshot/FDR_vrt/fdr.vrt /ngen-workflow/output/demo/devcon/corrections/reference_hydrofabric_fixed.gpkg
      /ngen-workflow/output/demo/devcon/refactored_reference_hydrofabric.gpkg 10000
      1000 1000 400\n"
    deps:
    - path: ../../../ngen-workflow/R/refactor.Rmd
      hash: md5
      md5: b3e4779b5094ac789c349633757702cb
      size: 760
    - path: ../../../ngen-workflow/bash/run-refactor.sh
      hash: md5
      md5: 91601c30697add38f008a138c9b08ecd
      size: 983
      isexec: true
    - path: 
        ../../../ngen-workflow/output/demo/devcon/NHDSnapshot/FAC_vrt/fac.vrt
      hash: md5
      md5: 56e45070ddac25e7b099a015ab55bd1f
      size: 1874
    - path: 
        ../../../ngen-workflow/output/demo/devcon/NHDSnapshot/FDR_vrt/fdr.vrt
      hash: md5
      md5: d077d09ef6ff50eb74ff0cac6ff3ab79
      size: 1874
    - path: 
        ../../../ngen-workflow/output/demo/devcon/corrections/reference_hydrofabric_fixed.gpkg
      hash: md5
      md5: e46a432d726cab29250df6b7c0945115
      size: 12476416
    params:
      params.yaml:
        refactor.collapse_flines_main_meters: 1000
        refactor.collapse_flines_meters: 1000
        refactor.simplify_tolerance_meters: 400
        refactor.split_flines_meters: 10000
    outs:
    - path: 
        ../../../ngen-workflow/output/demo/devcon/refactored_reference_hydrofabric.gpkg
      hash: md5
      md5: 4d9fc9287440291f8433dae3d34547c8
      size: 10547200
  aggregate:
    cmd: "docker compose run --rm hydrofabric ./bash/run-aggregate.sh /ngen-workflow/output/demo/devcon/refactored_reference_hydrofabric.gpkg
      /ngen-workflow/output/demo/devcon/aggregate_outlets.gpkg /ngen-workflow/output/demo/devcon/aggregate_distribution.gpkg
      5 0.5 1\n"
    deps:
    - path: ../../../ngen-workflow/R/aggregate.Rmd
      hash: md5
      md5: a6ef8ed5c945fbc76671f459a2495505
      size: 1471
    - path: 
        ../../../ngen-workflow/output/demo/devcon/refactored_reference_hydrofabric.gpkg
      hash: md5
      md5: 4d9fc9287440291f8433dae3d34547c8
      size: 10547200
    params:
      params.yaml:
        aggregate.ideal_size_sqkm: 5
        aggregate.min_area_sqkm: 1
        aggregate.min_length_km: 0.5
    outs:
    - path: 
        ../../../ngen-workflow/output/demo/devcon/aggregate_distribution.gpkg
      hash: md5
      md5: 44e14c237efae361080a6ab3834abdce
      size: 9687040
    - path: ../../../ngen-workflow/output/demo/devcon/aggregate_outlets.gpkg
      hash: md5
      md5: a9d83c6af3c647afdff40e18a557eef0
      size: 3039232
  hfngen:
    cmd: "docker compose run --rm hydrofabric ./bash/run-hfngen.sh /ngen-workflow/output/demo/devcon/aggregate_distribution.gpkg
      /ngen-workflow/output/demo/devcon/refactored_reference_hydrofabric.gpkg /ngen-workflow/output/demo/devcon/ngen_hydrofabric.gpkg\n"
    deps:
    - path: ../../../ngen-workflow/R/hfngen.Rmd
      hash: md5
      md5: c827622b9b024456d24ff582698abe41
      size: 888
    - path: 
        ../../../ngen-workflow/output/demo/devcon/aggregate_distribution.gpkg
      hash: md5
      md5: 44e14c237efae361080a6ab3834abdce
      size: 9687040
    - path: 
        ../../../ngen-workflow/output/demo/devcon/refactored_reference_hydrofabric.gpkg
      hash: md5
      md5: 4d9fc9287440291f8433dae3d34547c8
      size: 10547200
    outs:
    - path: ../../../ngen-workflow/output/demo/devcon/ngen_hydrofabric.gpkg
      hash: md5
      md5: 8c5ea41c3c90dec167c8f795be39b070
      size: 20770816
  minimal_attributes:
    cmd: "docker compose run --rm hydrofabric ./bash/run-minimal-attributes.sh /ngen-workflow/output/demo/devcon/ngen_hydrofabric.gpkg
      /ngen-workflow/data/superconus/gridded/ISLTYP.tif /ngen-workflow/data/superconus/gridded/IVGTYP.tif
      /ngen-workflow/data/superconus/derived/CONUS_imp_240.tif /ngen-workflow/data/superconus/tabular/nwm_gw_basins.parquet
      /ngen-workflow/data/superconus/tabular/riverml_channel_geometry_with_ahg.parquet
      /ngen-workflow/output/demo/devcon/ngen_hydrofabric_with_atts.gpkg\n"
    deps:
    - path: ../../../ngen-workflow/R/minimal_attributes.Rmd
      hash: md5
      md5: 08539b61ffbe105302523baccb360174
      size: 2471
    - path: ../../../ngen-workflow/data/superconus/derived/CONUS_imp_240.tif
      hash: md5
      md5: d6d5f68e829f9881066cba9758e04fec
      size: 291729883
    - path: ../../../ngen-workflow/data/superconus/gridded/ISLTYP.tif
      hash: md5
      md5: 2f1465f66b23954efa29ba200dca5de3
      size: 1620874
    - path: ../../../ngen-workflow/data/superconus/gridded/IVGTYP.tif
      hash: md5
      md5: 175e62422240bc9c5ea8d633452ea8cb
      size: 3358400
    - path: ../../../ngen-workflow/data/superconus/tabular/nwm_gw_basins.parquet
      hash: md5
      md5: 5376b5d2ddbb16610c001f4cf1553c65
      size: 48798640
    - path: 
        ../../../ngen-workflow/data/superconus/tabular/riverml_channel_geometry_with_ahg.parquet
      hash: md5
      md5: 6710437e2b100a2b3518a7cea47b827d
      size: 188372842
    - path: ../../../ngen-workflow/output/demo/devcon/ngen_hydrofabric.gpkg
      hash: md5
      md5: 8c5ea41c3c90dec167c8f795be39b070
      size: 20770816
    outs:
    - path: 
        ../../../ngen-workflow/output/demo/devcon/ngen_hydrofabric_with_atts.gpkg
      hash: md5
      md5: f9af1edaeb21b6a20a4038b409e0b072
      size: 21377024
  reconcile:
    cmd: "docker compose run --rm hydrofabric ./bash/run-reconcile.sh /ngen-workflow/output/demo/devcon/ngen_hydrofabric_with_atts.gpkg
      16 /ngen-workflow/output/demo/devcon/ngen_hydrofabric_reconciled.gpkg\n"
    deps:
    - path: ../../../ngen-workflow/R/reconcile.Rmd
      hash: md5
      md5: d6d45599de3322c1ce9376ddd12c9976
      size: 3225
    - path: 
        ../../../ngen-workflow/output/demo/devcon/ngen_hydrofabric_with_atts.gpkg
      hash: md5
      md5: f9af1edaeb21b6a20a4038b409e0b072
      size: 21377024
    outs:
    - path: 
        ../../../ngen-workflow/output/demo/devcon/ngen_hydrofabric_reconciled.gpkg
      hash: md5
      md5: 56950a6d34b338377fe687b060274b2d
      size: 21458944
  vaa:
    cmd: "docker compose run --rm hydrofabric ./bash/run-vaa.sh /ngen-workflow/output/demo/devcon/ngen_hydrofabric_with_atts.gpkg
      /ngen-workflow/data/superconus/gridded/soil/  /ngen-workflow/data/superconus/tabular/nwm_gw_basins.parquet
      /ngen-workflow/data/NHDSnapshot/DEM/16/dem16.vrt\n"
    deps:
    - path: ../../../ngen-workflow/R/vaa.Rmd
      hash: md5
      md5: 725bfaa827f3e47580175deda11244aa
      size: 5677
    - path: ../../../ngen-workflow/bash/run-vaa.sh
      hash: md5
      md5: bd320c6df0513a9d356d09922bdfadee
      size: 525
      isexec: true
    - path: ../../../ngen-workflow/data/NHDSnapshot/DEM/16/
      hash: md5
      md5: 75caaa2315e9277877088b5623f76163.dir
      size: 915267949
      nfiles: 6
    - path: ../../../ngen-workflow/data/NHDSnapshot/DEM/16/dem16.vrt
      hash: md5
      md5: ebbd8dec01a86fcd81835913e47611a6
      size: 1887
    - path: ../../../ngen-workflow/data/superconus/gridded/soil/
      hash: md5
      md5: 8c0a5de2860c1ffe8ce14b0de9829945.dir
      size: 43821740
      nfiles: 41
    - path: ../../../ngen-workflow/data/superconus/tabular/nwm_gw_basins.parquet
      hash: md5
      md5: 5376b5d2ddbb16610c001f4cf1553c65
      size: 48798640
    - path: 
        ../../../ngen-workflow/output/demo/devcon/ngen_hydrofabric_with_atts.gpkg
      hash: md5
      md5: f9af1edaeb21b6a20a4038b409e0b072
      size: 21377024
    outs:
    - path: ../../../ngen-workflow/output/demo/devcon/ngen_hydrofabric_vaa.gpkg
      hash: md5
      md5: ad0b022115a01dc177da04f08d7af737
      size: 22208512
  export:
    cmd: "docker compose run --rm hydrofabric ./bash/export-gpkg-to-parquet.sh /ngen-workflow/output/demo/devcon/ngen_hydrofabric_reconciled.gpkg
      /ngen-workflow/output/demo/devcon/viewer/parquet\n"
    deps:
    - path: ../../../ngen-workflow/bash/export-gpkg-to-parquet.sh
      hash: md5
      md5: a93a6f71d85e400ddf28f0bb2c132568
      size: 4489
    - path: 
        ../../../ngen-workflow/output/demo/devcon/ngen_hydrofabric_reconciled.gpkg
      hash: md5
      md5: 56950a6d34b338377fe687b060274b2d
      size: 21458944
    outs:
    - path: 
        ../../../ngen-workflow/output/demo/devcon/viewer/parquet/divide-attributes.parquet
      hash: md5
      md5: fcb7e48dbc07efff484244d5e5eba91e
      size: 54601
    - path: 
        ../../../ngen-workflow/output/demo/devcon/viewer/parquet/divides.geojsonseq
      hash: md5
      md5: 02efcc885c20b91b911daf0d4af80b75
      size: 8476338
    - path: 
        ../../../ngen-workflow/output/demo/devcon/viewer/parquet/divides.parquet
      hash: md5
      md5: 170633db6ec9c474e7d16da3c5791fc5
      size: 2210540
    - path: 
        ../../../ngen-workflow/output/demo/devcon/viewer/parquet/flowpath-attributes.parquet
      hash: md5
      md5: 33ff08e181834009a4336adcc506768a
      size: 354278
    - path: 
        ../../../ngen-workflow/output/demo/devcon/viewer/parquet/flowpaths.geojsonseq
      hash: md5
      md5: 639598b45f04f34a5a4eb18a360ef6d9
      size: 6088373
    - path: 
        ../../../ngen-workflow/output/demo/devcon/viewer/parquet/flowpaths.parquet
      hash: md5
      md5: d0fe09bf6a9ef644cde5b15e5c99159a
      size: 2924700
    - path: 
        ../../../ngen-workflow/output/demo/devcon/viewer/parquet/hydrolocations.parquet
      hash: md5
      md5: 9ca3df4088164bb029d4d82239eb68c4
      size: 37767
    - path: 
        ../../../ngen-workflow/output/demo/devcon/viewer/parquet/network.parquet
      hash: md5
      md5: 1034d3d154636f84805e5fcdc606bc18
      size: 532032
    - path: 
        ../../../ngen-workflow/output/demo/devcon/viewer/parquet/network_graph.json
      hash: md5
      md5: cca1bcd8ad1d00f8fed443bfbe97c83e
      size: 116732
    - path: 
        ../../../ngen-workflow/output/demo/devcon/viewer/parquet/nexus.parquet
      hash: md5
      md5: 0cf49f6eab8d4a9689026764180fee2d
      size: 127768
  pmtiles:
    cmd: "mkdir -p ../../../ngen-workflow/output/demo/devcon/viewer/map/only_geometry/reference
      && docker compose run --rm tippecanoe -o /ngen-workflow/output/demo/devcon/viewer/map/only_geometry/reference/divides.pmtiles
      -l divides --drop-densest-as-needed --force /ngen-workflow/output/demo/devcon/viewer/parquet/divides.geojsonseq
      && docker compose run --rm tippecanoe -o /ngen-workflow/output/demo/devcon/viewer/map/only_geometry/reference/flowpaths.pmtiles
      -l flowpaths --drop-densest-as-needed --force /ngen-workflow/output/demo/devcon/viewer/parquet/flowpaths.geojsonseq\n"
    deps:
    - path: 
        ../../../ngen-workflow/output/demo/devcon/viewer/parquet/divides.geojsonseq
      hash: md5
      md5: 02efcc885c20b91b911daf0d4af80b75
      size: 8476338
    - path: 
        ../../../ngen-workflow/output/demo/devcon/viewer/parquet/flowpaths.geojsonseq
      hash: md5
      md5: 639598b45f04f34a5a4eb18a360ef6d9
      size: 6088373
    outs:
    - path: 
        ../../../ngen-workflow/output/demo/devcon/viewer/map/only_geometry/reference/divides.pmtiles
      hash: md5
      md5: edc5409d827d0ebd70144ba7adea7845
      size: 10605898
    - path: 
        ../../../ngen-workflow/output/demo/devcon/viewer/map/only_geometry/reference/flowpaths.pmtiles
      hash: md5
      md5: b4dd29e3f76bc53907fca831eb75d7f1
      size: 7708774
  merged_pmtiles:
    cmd: "mkdir -p ../../../ngen-workflow/output/demo/devcon/viewer/map && docker
      compose run --rm --entrypoint tile-join tippecanoe -o /ngen-workflow/output/demo/devcon/viewer/map/merged.pmtiles
      -pk --force /ngen-workflow/output/demo/devcon/viewer/map/only_geometry/reference/divides.pmtiles
      /ngen-workflow/output/demo/devcon/viewer/map/only_geometry/reference/flowpaths.pmtiles\n"
    deps:
    - path: 
        ../../../ngen-workflow/output/demo/devcon/viewer/map/only_geometry/reference/divides.pmtiles
      hash: md5
      md5: edc5409d827d0ebd70144ba7adea7845
      size: 10605898
    - path: 
        ../../../ngen-workflow/output/demo/devcon/viewer/map/only_geometry/reference/flowpaths.pmtiles
      hash: md5
      md5: b4dd29e3f76bc53907fca831eb75d7f1
      size: 7708774
    outs:
    - path: ../../../ngen-workflow/output/demo/devcon/viewer/map/merged.pmtiles
      hash: md5
      md5: aff9e142076c585e87b471803d4fbb51
      size: 16579663
  styles:
    cmd: "mkdir -p ../../../ngen-workflow/output/demo/devcon/viewer/map/styles &&
      sed -e 's|pmtiles://https://communityhydrofabric.s3.us-east-1.amazonaws.com/map/basemaps-assets-main/20241118.pmtiles|pmtiles://../basemaps-assets-main/20241118.pmtiles|'
      -e 's|pmtiles://https://communityhydrofabric.s3.us-east-1.amazonaws.com/map/merged.pmtiles|pmtiles://../merged.pmtiles|'
      -e 's|pmtiles://https://communityhydrofabric.s3.us-east-1.amazonaws.com/map/vpu.pmtiles|pmtiles://../vpu.pmtiles|'
      ../../../res_data/map/styles/dark-style.json > ../../../ngen-workflow/output/demo/devcon/viewer/map/styles/dark-style.json
      && sed -e 's|pmtiles://https://communityhydrofabric.s3.us-east-1.amazonaws.com/map/basemaps-assets-main/20241118.pmtiles|pmtiles://../basemaps-assets-main/20241118.pmtiles|'
      -e 's|pmtiles://https://communityhydrofabric.s3.us-east-1.amazonaws.com/map/merged.pmtiles|pmtiles://../merged.pmtiles|'
      -e 's|pmtiles://https://communityhydrofabric.s3.us-east-1.amazonaws.com/map/vpu.pmtiles|pmtiles://../vpu.pmtiles|'
      ../../../res_data/map/styles/light-style.json > ../../../ngen-workflow/output/demo/devcon/viewer/map/styles/light-style.json\n"
    deps:
    - path: ../../../ngen-workflow/output/demo/devcon/viewer/map/merged.pmtiles
      hash: md5
      md5: aff9e142076c585e87b471803d4fbb51
      size: 16579663
    - path: ../../../res_data/map/styles/dark-style.json
      hash: md5
      md5: 448641e2484bb5c0e168e3b1b8bdcb64
      size: 129608
    - path: ../../../res_data/map/styles/light-style.json
      hash: md5
      md5: 0d4b7847d6ed1c5d95f4ff5339cb719d
      size: 129695
    outs:
    - path: 
        ../../../ngen-workflow/output/demo/devcon/viewer/map/styles/dark-style.json
      hash: md5
      md5: d88af0665efba2c269253ec788bafdc7
      size: 129437
    - path: 
        ../../../ngen-workflow/output/demo/devcon/viewer/map/styles/light-style.json
      hash: md5
      md5: ef36504f3188241288217e0049f7da2c
      size: 129524
